
Microsoft Visual Studio Solution File, Format Version 12.00
# Visual Studio Version 17
VisualStudioVersion = 17.6.33829.357
MinimumVisualStudioVersion = 10.0.40219.1
Project("{FAE04EC0-301F-11D3-BF4B-00C04F79EFBC}") = "WebNotas", "WebNotas.csproj", "{1C7175D1-1DB7-4176-99BD-B264109E6110}"
EndProject
Global
	GlobalSection(SolutionConfigurationPlatforms) = preSolution
		Debug|Any CPU = Debug|Any CPU
		Release|Any CPU = Release|Any CPU
	EndGlobalSection
	GlobalSection(ProjectConfigurationPlatforms) = postSolution
		{1C7175D1-1DB7-4176-99BD-B264109E6110}.Debug|Any CPU.ActiveCfg = Debug|Any CPU
		{1C7175D1-1DB7-4176-99BD-B264109E6110}.Debug|Any CPU.Build.0 = Debug|Any CPU
		{1C7175D1-1DB7-4176-99BD-B264109E6110}.Release|Any CPU.ActiveCfg = Release|Any CPU
		{1C7175D1-1DB7-4176-99BD-B264109E6110}.Release|Any CPU.Build.0 = Release|Any CPU
	EndGlobalSection
	GlobalSection(SolutionProperties) = preSolution
		HideSolutionNode = FALSE
	EndGlobalSection
	GlobalSection(ExtensibilityGlobals) = postSolution
		SolutionGuid = {FA8F5E82-84BE-4F25-875F-C0B582B5BE0B}
	EndGlobalSection
EndGlobal
